
Microsoft Visual Studio Solution File, Format Version 12.00
# Visual Studio Version 17
VisualStudioVersion = 17.5.33516.290
MinimumVisualStudioVersion = 10.0.40219.1
Project("{FAE04EC0-301F-11D3-BF4B-00C04F79EFBC}") = "AGV", "AGV\AGV.csproj", "{6D692369-0A01-46F4-8DB6-42EFD1FD07A3}"
EndProject
Global
	GlobalSection(SolutionConfigurationPlatforms) = preSolution
		Debug|Any CPU = Debug|Any CPU
		Release|Any CPU = Release|Any CPU
	EndGlobalSection
	GlobalSection(ProjectConfigurationPlatforms) = postSolution
		{6D692369-0A01-46F4-8DB6-42EFD1FD07A3}.Debug|Any CPU.ActiveCfg = Debug|Any CPU
		{6D692369-0A01-46F4-8DB6-42EFD1FD07A3}.Debug|Any CPU.Build.0 = Debug|Any CPU
		{6D692369-0A01-46F4-8DB6-42EFD1FD07A3}.Release|Any CPU.ActiveCfg = Release|Any CPU
		{6D692369-0A01-46F4-8DB6-42EFD1FD07A3}.Release|Any CPU.Build.0 = Release|Any CPU
	EndGlobalSection
	GlobalSection(SolutionProperties) = preSolution
		HideSolutionNode = FALSE
	EndGlobalSection
	GlobalSection(ExtensibilityGlobals) = postSolution
		SolutionGuid = {4464E8CF-C381-42E3-9ADA-89D864632DC7}
	EndGlobalSection
EndGlobal
